
Microsoft Visual Studio Solution File, Format Version 12.00
# Visual Studio Version 17
VisualStudioVersion = 17.5.33516.290
MinimumVisualStudioVersion = 10.0.40219.1
Project("{FAE04EC0-301F-11D3-BF4B-00C04F79EFBC}") = "mcordovaS5a.Android", "mcordovaS5a\mcordovaS5a.Android\mcordovaS5a.Android.csproj", "{E2F248E4-75C6-4A73-B323-03FF9A25FF2F}"
EndProject
Project("{FAE04EC0-301F-11D3-BF4B-00C04F79EFBC}") = "mcordovaS5a.iOS", "mcordovaS5a\mcordovaS5a.iOS\mcordovaS5a.iOS.csproj", "{684DD789-E2B2-42C4-82C8-D41B91A63A63}"
EndProject
Project("{FAE04EC0-301F-11D3-BF4B-00C04F79EFBC}") = "mcordovaS5a", "mcordovaS5a\mcordovaS5a\mcordovaS5a.csproj", "{A6548A5A-4AF7-4B98-A819-3D5E4FA81C65}"
EndProject
Global
	GlobalSection(SolutionConfigurationPlatforms) = preSolution
		Debug|Any CPU = Debug|Any CPU
		Debug|iPhone = Debug|iPhone
		Debug|iPhoneSimulator = Debug|iPhoneSimulator
		Release|Any CPU = Release|Any CPU
		Release|iPhone = Release|iPhone
		Release|iPhoneSimulator = Release|iPhoneSimulator
	EndGlobalSection
	GlobalSection(ProjectConfigurationPlatforms) = postSolution
		{E2F248E4-75C6-4A73-B323-03FF9A25FF2F}.Debug|Any CPU.ActiveCfg = Debug|Any CPU
		{E2F248E4-75C6-4A73-B323-03FF9A25FF2F}.Debug|Any CPU.Build.0 = Debug|Any CPU
		{E2F248E4-75C6-4A73-B323-03FF9A25FF2F}.Debug|Any CPU.Deploy.0 = Debug|Any CPU
		{E2F248E4-75C6-4A73-B323-03FF9A25FF2F}.Debug|iPhone.ActiveCfg = Debug|Any CPU
		{E2F248E4-75C6-4A73-B323-03FF9A25FF2F}.Debug|iPhone.Build.0 = Debug|Any CPU
		{E2F248E4-75C6-4A73-B323-03FF9A25FF2F}.Debug|iPhone.Deploy.0 = Debug|Any CPU
		{E2F248E4-75C6-4A73-B323-03FF9A25FF2F}.Debug|iPhoneSimulator.ActiveCfg = Debug|Any CPU
		{E2F248E4-75C6-4A73-B323-03FF9A25FF2F}.Debug|iPhoneSimulator.Build.0 = Debug|Any CPU
		{E2F248E4-75C6-4A73-B323-03FF9A25FF2F}.Debug|iPhoneSimulator.Deploy.0 = Debug|Any CPU
		{E2F248E4-75C6-4A73-B323-03FF9A25FF2F}.Release|Any CPU.ActiveCfg = Release|Any CPU
		{E2F248E4-75C6-4A73-B323-03FF9A25FF2F}.Release|Any CPU.Build.0 = Release|Any CPU
		{E2F248E4-75C6-4A73-B323-03FF9A25FF2F}.Release|Any CPU.Deploy.0 = Release|Any CPU
		{E2F248E4-75C6-4A73-B323-03FF9A25FF2F}.Release|iPhone.ActiveCfg = Release|Any CPU
		{E2F248E4-75C6-4A73-B323-03FF9A25FF2F}.Release|iPhone.Build.0 = Release|Any CPU
		{E2F248E4-75C6-4A73-B323-03FF9A25FF2F}.Release|iPhone.Deploy.0 = Release|Any CPU
		{E2F248E4-75C6-4A73-B323-03FF9A25FF2F}.Release|iPhoneSimulator.ActiveCfg = Release|Any CPU
		{E2F248E4-75C6-4A73-B323-03FF9A25FF2F}.Release|iPhoneSimulator.Build.0 = Release|Any CPU
		{E2F248E4-75C6-4A73-B323-03FF9A25FF2F}.Release|iPhoneSimulator.Deploy.0 = Release|Any CPU
		{684DD789-E2B2-42C4-82C8-D41B91A63A63}.Debug|Any CPU.ActiveCfg = Debug|iPhone
		{684DD789-E2B2-42C4-82C8-D41B91A63A63}.Debug|Any CPU.Build.0 = Debug|iPhone
		{684DD789-E2B2-42C4-82C8-D41B91A63A63}.Debug|Any CPU.Deploy.0 = Debug|iPhone
		{684DD789-E2B2-42C4-82C8-D41B91A63A63}.Debug|iPhone.ActiveCfg = Debug|iPhone
		{684DD789-E2B2-42C4-82C8-D41B91A63A63}.Debug|iPhone.Build.0 = Debug|iPhone
		{684DD789-E2B2-42C4-82C8-D41B91A63A63}.Debug|iPhone.Deploy.0 = Debug|iPhone
		{684DD789-E2B2-42C4-82C8-D41B91A63A63}.Debug|iPhoneSimulator.ActiveCfg = Debug|iPhoneSimulator
		{684DD789-E2B2-42C4-82C8-D41B91A63A63}.Debug|iPhoneSimulator.Build.0 = Debug|iPhoneSimulator
		{684DD789-E2B2-42C4-82C8-D41B91A63A63}.Debug|iPhoneSimulator.Deploy.0 = Debug|iPhoneSimulator
		{684DD789-E2B2-42C4-82C8-D41B91A63A63}.Release|Any CPU.ActiveCfg = Release|iPhoneSimulator
		{684DD789-E2B2-42C4-82C8-D41B91A63A63}.Release|Any CPU.Build.0 = Release|iPhoneSimulator
		{684DD789-E2B2-42C4-82C8-D41B91A63A63}.Release|Any CPU.Deploy.0 = Release|iPhoneSimulator
		{684DD789-E2B2-42C4-82C8-D41B91A63A63}.Release|iPhone.ActiveCfg = Release|iPhone
		{684DD789-E2B2-42C4-82C8-D41B91A63A63}.Release|iPhone.Build.0 = Release|iPhone
		{684DD789-E2B2-42C4-82C8-D41B91A63A63}.Release|iPhone.Deploy.0 = Release|iPhone
		{684DD789-E2B2-42C4-82C8-D41B91A63A63}.Release|iPhoneSimulator.ActiveCfg = Release|iPhoneSimulator
		{684DD789-E2B2-42C4-82C8-D41B91A63A63}.Release|iPhoneSimulator.Build.0 = Release|iPhoneSimulator
		{684DD789-E2B2-42C4-82C8-D41B91A63A63}.Release|iPhoneSimulator.Deploy.0 = Release|iPhoneSimulator
		{A6548A5A-4AF7-4B98-A819-3D5E4FA81C65}.Debug|Any CPU.ActiveCfg = Debug|Any CPU
		{A6548A5A-4AF7-4B98-A819-3D5E4FA81C65}.Debug|Any CPU.Build.0 = Debug|Any CPU
		{A6548A5A-4AF7-4B98-A819-3D5E4FA81C65}.Debug|Any CPU.Deploy.0 = Debug|Any CPU
		{A6548A5A-4AF7-4B98-A819-3D5E4FA81C65}.Debug|iPhone.ActiveCfg = Debug|Any CPU
		{A6548A5A-4AF7-4B98-A819-3D5E4FA81C65}.Debug|iPhone.Build.0 = Debug|Any CPU
		{A6548A5A-4AF7-4B98-A819-3D5E4FA81C65}.Debug|iPhone.Deploy.0 = Debug|Any CPU
		{A6548A5A-4AF7-4B98-A819-3D5E4FA81C65}.Debug|iPhoneSimulator.ActiveCfg = Debug|Any CPU
		{A6548A5A-4AF7-4B98-A819-3D5E4FA81C65}.Debug|iPhoneSimulator.Build.0 = Debug|Any CPU
		{A6548A5A-4AF7-4B98-A819-3D5E4FA81C65}.Debug|iPhoneSimulator.Deploy.0 = Debug|Any CPU
		{A6548A5A-4AF7-4B98-A819-3D5E4FA81C65}.Release|Any CPU.ActiveCfg = Release|Any CPU
		{A6548A5A-4AF7-4B98-A819-3D5E4FA81C65}.Release|Any CPU.Build.0 = Release|Any CPU
		{A6548A5A-4AF7-4B98-A819-3D5E4FA81C65}.Release|Any CPU.Deploy.0 = Release|Any CPU
		{A6548A5A-4AF7-4B98-A819-3D5E4FA81C65}.Release|iPhone.ActiveCfg = Release|Any CPU
		{A6548A5A-4AF7-4B98-A819-3D5E4FA81C65}.Release|iPhone.Build.0 = Release|Any CPU
		{A6548A5A-4AF7-4B98-A819-3D5E4FA81C65}.Release|iPhone.Deploy.0 = Release|Any CPU
		{A6548A5A-4AF7-4B98-A819-3D5E4FA81C65}.Release|iPhoneSimulator.ActiveCfg = Release|Any CPU
		{A6548A5A-4AF7-4B98-A819-3D5E4FA81C65}.Release|iPhoneSimulator.Build.0 = Release|Any CPU
		{A6548A5A-4AF7-4B98-A819-3D5E4FA81C65}.Release|iPhoneSimulator.Deploy.0 = Release|Any CPU
	EndGlobalSection
	GlobalSection(SolutionProperties) = preSolution
		HideSolutionNode = FALSE
	EndGlobalSection
	GlobalSection(ExtensibilityGlobals) = postSolution
		SolutionGuid = {C4C1FEE5-A489-4A82-82C5-6D494A3B8463}
	EndGlobalSection
EndGlobal
